{
  "name": "apca-w3",
  "version": "0.1.2",
  "lockfileVersion": 2,
  "requires": true,
  "packages": {
    "": {
      "name": "apca-w3",
      "version": "0.1.2",
      "license": "W3 License",
      "dependencies": {
        "colorparsley": "^0.1.4"
      }
    },
    "node_modules/colorparsley": {
      "version": "0.1.5",
      "resolved": "https://registry.npmjs.org/colorparsley/-/colorparsley-0.1.5.tgz",
      "integrity": "sha512-AVFghFpUwOZvIaVoJ5GFzWO9bnzMb0OpEnw9EULpXbC690uo1Q/f5GH1KZ6ol/nPfh9AnAxoinQs8m+a1ryKNw=="
    }
  },
  "dependencies": {
    "colorparsley": {
      "version": "0.1.5",
      "resolved": "https://registry.npmjs.org/colorparsley/-/colorparsley-0.1.5.tgz",
      "integrity": "sha512-AVFghFpUwOZvIaVoJ5GFzWO9bnzMb0OpEnw9EULpXbC690uo1Q/f5GH1KZ6ol/nPfh9AnAxoinQs8m+a1ryKNw=="
    }
  }
}
